{
  "nodes": {
    "flake-compat": {
      "flake": false,
      "locked": {
        "lastModified": 1627913399,
        "narHash": "sha256-hY8g6H2KFL8ownSiFeMOjwPC8P0ueXpCVEbxgda3pko=",
        "owner": "edolstra",
        "repo": "flake-compat",
        "rev": "12c64ca55c1014cdc1b16ed5a804aa8576601ff2",
        "type": "github"
      },
      "original": {
        "owner": "edolstra",
        "repo": "flake-compat",
        "type": "github"
      }
    },
    "flake-utils": {
      "locked": {
        "lastModified": 1638122382,
        "narHash": "sha256-sQzZzAbvKEqN9s0bzWuYmRaA03v40gaJ4+iL1LXjaeI=",
        "owner": "numtide",
        "repo": "flake-utils",
        "rev": "74f7e4319258e287b0f9cb95426c9853b282730b",
        "type": "github"
      },
      "original": {
        "owner": "numtide",
        "repo": "flake-utils",
        "type": "github"
      }
    },
    "nixpkgs": {
      "locked": {
        "lastModified": 1640319671,
        "narHash": "sha256-ZkKmakwaOaLiZOpIZWbeJZwap5CzJ30s4UJTfydYIYc=",
        "owner": "nixos",
        "repo": "nixpkgs",
        "rev": "eac07edbd20ed4908b98790ba299250b5527ecdf",
        "type": "github"
      },
      "original": {
        "owner": "nixos",
        "ref": "nixos-unstable",
        "repo": "nixpkgs",
        "type": "github"
      }
    },
    "nixpkgs_2": {
      "locked": {
        "lastModified": 1640418986,
        "narHash": "sha256-a8GGtxn2iL3WAkY5H+4E0s3Q7XJt6bTOvos9qqxT5OQ=",
        "owner": "NixOS",
        "repo": "nixpkgs",
        "rev": "5c37ad87222cfc1ec36d6cd1364514a9efc2f7f2",
        "type": "github"
      },
      "original": {
        "owner": "nixos",
        "ref": "nixos-unstable",
        "repo": "nixpkgs",
        "type": "github"
      }
    },
    "opam-repository": {
      "flake": false,
      "locked": {
        "lastModified": 1643196577,
        "narHash": "sha256-w8lV9xEGqwpr/LtGBpDFSha+7XA1Zv+Cw7977bqqZNk=",
        "owner": "ocaml",
        "repo": "opam-repository",
        "rev": "4b471f489a7199ec4dfb67363243c64caac9306c",
        "type": "github"
      },
      "original": {
        "owner": "ocaml",
        "repo": "opam-repository",
        "type": "github"
      }
    },
    "opam2json": {
      "inputs": {
        "nixpkgs": "nixpkgs_2"
      },
      "locked": {
        "lastModified": 1651529032,
        "narHash": "sha256-fe8bm/V/4r2iNxgbitT2sXBqDHQ0GBSnSUSBg/1aXoI=",
        "owner": "tweag",
        "repo": "opam2json",
        "rev": "e8e9f2fa86ef124b9f7b8db41d3d19471c1d8901",
        "type": "github"
      },
      "original": {
        "owner": "tweag",
        "repo": "opam2json",
        "type": "github"
      }
    },
    "root": {
      "inputs": {
        "flake-compat": "flake-compat",
        "flake-utils": "flake-utils",
        "nixpkgs": "nixpkgs",
        "opam-repository": "opam-repository",
        "opam2json": "opam2json"
      }
    }
  },
  "root": "root",
  "version": 7
}
